
Microsoft Visual Studio Solution File, Format Version 12.00
# Visual Studio Version 17
VisualStudioVersion = 17.5.002.0
MinimumVisualStudioVersion = 10.0.40219.1
Project("{2150E333-8FDC-42A3-9474-1A3956D46DE8}") = "Back", "Back", "{648A0675-0EAF-4C8E-A37C-5C906AB7215E}"
EndProject
Project("{2150E333-8FDC-42A3-9474-1A3956D46DE8}") = "src", "src", "{2F84489D-FFEE-4620-8EA2-C2AF28CFFB6A}"
EndProject
Project("{9A19103F-16F7-4668-BE54-9A1E7A4F7556}") = "ProEventos.API", "Back\src\ProEventos.API\ProEventos.API.csproj", "{EF98D13F-A289-4BE5-853E-A74FE423E22C}"
EndProject
Global
	GlobalSection(SolutionConfigurationPlatforms) = preSolution
		Debug|Any CPU = Debug|Any CPU
		Release|Any CPU = Release|Any CPU
	EndGlobalSection
	GlobalSection(ProjectConfigurationPlatforms) = postSolution
		{EF98D13F-A289-4BE5-853E-A74FE423E22C}.Debug|Any CPU.ActiveCfg = Debug|Any CPU
		{EF98D13F-A289-4BE5-853E-A74FE423E22C}.Debug|Any CPU.Build.0 = Debug|Any CPU
		{EF98D13F-A289-4BE5-853E-A74FE423E22C}.Release|Any CPU.ActiveCfg = Release|Any CPU
		{EF98D13F-A289-4BE5-853E-A74FE423E22C}.Release|Any CPU.Build.0 = Release|Any CPU
	EndGlobalSection
	GlobalSection(SolutionProperties) = preSolution
		HideSolutionNode = FALSE
	EndGlobalSection
	GlobalSection(NestedProjects) = preSolution
		{2F84489D-FFEE-4620-8EA2-C2AF28CFFB6A} = {648A0675-0EAF-4C8E-A37C-5C906AB7215E}
		{EF98D13F-A289-4BE5-853E-A74FE423E22C} = {2F84489D-FFEE-4620-8EA2-C2AF28CFFB6A}
	EndGlobalSection
	GlobalSection(ExtensibilityGlobals) = postSolution
		SolutionGuid = {7FD156F8-93A8-4C8B-8731-D001075863CB}
	EndGlobalSection
EndGlobal
